
Microsoft Visual Studio Solution File, Format Version 12.00
# Visual Studio Version 17
VisualStudioVersion = 17.5.33424.131
MinimumVisualStudioVersion = 10.0.40219.1
Project("{9A19103F-16F7-4668-BE54-9A1E7A4F7556}") = "TatBlog.Core", "TatBlog.Core\TatBlog.Core.csproj", "{441230B2-E8A3-4BAB-A690-855909DF86DE}"
EndProject
Project("{9A19103F-16F7-4668-BE54-9A1E7A4F7556}") = "TatBlog.Data", "TatBlog.Data\TatBlog.Data.csproj", "{88559DA7-F8C1-4599-AE2E-9433C796E9AD}"
EndProject
Project("{9A19103F-16F7-4668-BE54-9A1E7A4F7556}") = "TatBlog.Services", "TatBlog.Services\TatBlog.Services.csproj", "{7B808846-84E0-4824-82F5-4E43EF1C112B}"
EndProject
Project("{9A19103F-16F7-4668-BE54-9A1E7A4F7556}") = "TatBlog.WinApp", "TatBlog.WinApp\TatBlog.WinApp.csproj", "{BA125700-1CA0-4F56-B544-07F1DE026E2B}"
EndProject
Project("{9A19103F-16F7-4668-BE54-9A1E7A4F7556}") = "TatBlog.WebApp", "TatBlog.WebApp\TatBlog.WebApp.csproj", "{3831A48C-FEF9-48DC-B9FA-73C925DA542C}"
EndProject
Global
	GlobalSection(SolutionConfigurationPlatforms) = preSolution
		Debug|Any CPU = Debug|Any CPU
		Release|Any CPU = Release|Any CPU
	EndGlobalSection
	GlobalSection(ProjectConfigurationPlatforms) = postSolution
		{441230B2-E8A3-4BAB-A690-855909DF86DE}.Debug|Any CPU.ActiveCfg = Debug|Any CPU
		{441230B2-E8A3-4BAB-A690-855909DF86DE}.Debug|Any CPU.Build.0 = Debug|Any CPU
		{441230B2-E8A3-4BAB-A690-855909DF86DE}.Release|Any CPU.ActiveCfg = Release|Any CPU
		{441230B2-E8A3-4BAB-A690-855909DF86DE}.Release|Any CPU.Build.0 = Release|Any CPU
		{88559DA7-F8C1-4599-AE2E-9433C796E9AD}.Debug|Any CPU.ActiveCfg = Debug|Any CPU
		{88559DA7-F8C1-4599-AE2E-9433C796E9AD}.Debug|Any CPU.Build.0 = Debug|Any CPU
		{88559DA7-F8C1-4599-AE2E-9433C796E9AD}.Release|Any CPU.ActiveCfg = Release|Any CPU
		{88559DA7-F8C1-4599-AE2E-9433C796E9AD}.Release|Any CPU.Build.0 = Release|Any CPU
		{7B808846-84E0-4824-82F5-4E43EF1C112B}.Debug|Any CPU.ActiveCfg = Debug|Any CPU
		{7B808846-84E0-4824-82F5-4E43EF1C112B}.Debug|Any CPU.Build.0 = Debug|Any CPU
		{7B808846-84E0-4824-82F5-4E43EF1C112B}.Release|Any CPU.ActiveCfg = Release|Any CPU
		{7B808846-84E0-4824-82F5-4E43EF1C112B}.Release|Any CPU.Build.0 = Release|Any CPU
		{BA125700-1CA0-4F56-B544-07F1DE026E2B}.Debug|Any CPU.ActiveCfg = Debug|Any CPU
		{BA125700-1CA0-4F56-B544-07F1DE026E2B}.Debug|Any CPU.Build.0 = Debug|Any CPU
		{BA125700-1CA0-4F56-B544-07F1DE026E2B}.Release|Any CPU.ActiveCfg = Release|Any CPU
		{BA125700-1CA0-4F56-B544-07F1DE026E2B}.Release|Any CPU.Build.0 = Release|Any CPU
		{3831A48C-FEF9-48DC-B9FA-73C925DA542C}.Debug|Any CPU.ActiveCfg = Debug|Any CPU
		{3831A48C-FEF9-48DC-B9FA-73C925DA542C}.Debug|Any CPU.Build.0 = Debug|Any CPU
		{3831A48C-FEF9-48DC-B9FA-73C925DA542C}.Release|Any CPU.ActiveCfg = Release|Any CPU
		{3831A48C-FEF9-48DC-B9FA-73C925DA542C}.Release|Any CPU.Build.0 = Release|Any CPU
	EndGlobalSection
	GlobalSection(SolutionProperties) = preSolution
		HideSolutionNode = FALSE
	EndGlobalSection
	GlobalSection(ExtensibilityGlobals) = postSolution
		SolutionGuid = {C553B73D-5BD8-48A4-B636-A49620F02ADB}
	EndGlobalSection
EndGlobal
